{
  "name": "ChinaBank",
  "lockfileVersion": 3,
  "requires": true,
  "packages": {
    "": {
      "dependencies": {
        "amfe-flexible": "^2.2.1"
      }
    },
    "node_modules/amfe-flexible": {
      "version": "2.2.1",
      "resolved": "https://registry.npmjs.org/amfe-flexible/-/amfe-flexible-2.2.1.tgz",
      "integrity": "sha512-L2VfvDzoETBjhRptg5u/IUuzHSuxm22JpSRb404p/TBGeRfwWmmNEbB+TFPIP/sS/+pbM18bCFH9QnMojLuPNw=="
    }
  }
}